
Microsoft Visual Studio Solution File, Format Version 12.00
# Visual Studio Version 16
VisualStudioVersion = 16.0.29503.13
MinimumVisualStudioVersion = 10.0.40219.1
Project("{9A19103F-16F7-4668-BE54-9A1E7A4F7556}") = "TWH.Entities", "TWH.Entities\TWH.Entities.csproj", "{59BCF82E-3881-40D2-9A90-AC060783978A}"
EndProject
Project("{9A19103F-16F7-4668-BE54-9A1E7A4F7556}") = "TWH.Repository", "TWH.Repository\TWH.Repository.csproj", "{503ECFEC-E06F-4DAE-851D-AFF0EC8FFF99}"
EndProject
Project("{9A19103F-16F7-4668-BE54-9A1E7A4F7556}") = "TWH.Services", "TWH.Services\TWH.Services.csproj", "{14D4ACBD-413E-482F-BAA2-0C07B55B44EA}"
EndProject
Project("{9A19103F-16F7-4668-BE54-9A1E7A4F7556}") = "TWH.API", "TWH.API\TWH.API.csproj", "{5BEEA024-6E50-4323-A0AF-8573192EF39D}"
EndProject
Project("{9A19103F-16F7-4668-BE54-9A1E7A4F7556}") = "TWH.UnitTests", "TWH.UnitTests\TWH.UnitTests.csproj", "{B66D5B12-BEBA-4C05-8566-ECAFC12EE192}"
EndProject
Global
	GlobalSection(SolutionConfigurationPlatforms) = preSolution
		Debug|Any CPU = Debug|Any CPU
		Debug|iPhone = Debug|iPhone
		Debug|iPhoneSimulator = Debug|iPhoneSimulator
		Release|Any CPU = Release|Any CPU
		Release|iPhone = Release|iPhone
		Release|iPhoneSimulator = Release|iPhoneSimulator
	EndGlobalSection
	GlobalSection(ProjectConfigurationPlatforms) = postSolution
		{59BCF82E-3881-40D2-9A90-AC060783978A}.Debug|Any CPU.ActiveCfg = Debug|Any CPU
		{59BCF82E-3881-40D2-9A90-AC060783978A}.Debug|Any CPU.Build.0 = Debug|Any CPU
		{59BCF82E-3881-40D2-9A90-AC060783978A}.Debug|iPhone.ActiveCfg = Debug|Any CPU
		{59BCF82E-3881-40D2-9A90-AC060783978A}.Debug|iPhone.Build.0 = Debug|Any CPU
		{59BCF82E-3881-40D2-9A90-AC060783978A}.Debug|iPhoneSimulator.ActiveCfg = Debug|Any CPU
		{59BCF82E-3881-40D2-9A90-AC060783978A}.Debug|iPhoneSimulator.Build.0 = Debug|Any CPU
		{59BCF82E-3881-40D2-9A90-AC060783978A}.Release|Any CPU.ActiveCfg = Release|Any CPU
		{59BCF82E-3881-40D2-9A90-AC060783978A}.Release|Any CPU.Build.0 = Release|Any CPU
		{59BCF82E-3881-40D2-9A90-AC060783978A}.Release|iPhone.ActiveCfg = Release|Any CPU
		{59BCF82E-3881-40D2-9A90-AC060783978A}.Release|iPhone.Build.0 = Release|Any CPU
		{59BCF82E-3881-40D2-9A90-AC060783978A}.Release|iPhoneSimulator.ActiveCfg = Release|Any CPU
		{59BCF82E-3881-40D2-9A90-AC060783978A}.Release|iPhoneSimulator.Build.0 = Release|Any CPU
		{503ECFEC-E06F-4DAE-851D-AFF0EC8FFF99}.Debug|Any CPU.ActiveCfg = Debug|Any CPU
		{503ECFEC-E06F-4DAE-851D-AFF0EC8FFF99}.Debug|Any CPU.Build.0 = Debug|Any CPU
		{503ECFEC-E06F-4DAE-851D-AFF0EC8FFF99}.Debug|iPhone.ActiveCfg = Debug|Any CPU
		{503ECFEC-E06F-4DAE-851D-AFF0EC8FFF99}.Debug|iPhone.Build.0 = Debug|Any CPU
		{503ECFEC-E06F-4DAE-851D-AFF0EC8FFF99}.Debug|iPhoneSimulator.ActiveCfg = Debug|Any CPU
		{503ECFEC-E06F-4DAE-851D-AFF0EC8FFF99}.Debug|iPhoneSimulator.Build.0 = Debug|Any CPU
		{503ECFEC-E06F-4DAE-851D-AFF0EC8FFF99}.Release|Any CPU.ActiveCfg = Release|Any CPU
		{503ECFEC-E06F-4DAE-851D-AFF0EC8FFF99}.Release|Any CPU.Build.0 = Release|Any CPU
		{503ECFEC-E06F-4DAE-851D-AFF0EC8FFF99}.Release|iPhone.ActiveCfg = Release|Any CPU
		{503ECFEC-E06F-4DAE-851D-AFF0EC8FFF99}.Release|iPhone.Build.0 = Release|Any CPU
		{503ECFEC-E06F-4DAE-851D-AFF0EC8FFF99}.Release|iPhoneSimulator.ActiveCfg = Release|Any CPU
		{503ECFEC-E06F-4DAE-851D-AFF0EC8FFF99}.Release|iPhoneSimulator.Build.0 = Release|Any CPU
		{14D4ACBD-413E-482F-BAA2-0C07B55B44EA}.Debug|Any CPU.ActiveCfg = Debug|Any CPU
		{14D4ACBD-413E-482F-BAA2-0C07B55B44EA}.Debug|Any CPU.Build.0 = Debug|Any CPU
		{14D4ACBD-413E-482F-BAA2-0C07B55B44EA}.Debug|iPhone.ActiveCfg = Debug|Any CPU
		{14D4ACBD-413E-482F-BAA2-0C07B55B44EA}.Debug|iPhone.Build.0 = Debug|Any CPU
		{14D4ACBD-413E-482F-BAA2-0C07B55B44EA}.Debug|iPhoneSimulator.ActiveCfg = Debug|Any CPU
		{14D4ACBD-413E-482F-BAA2-0C07B55B44EA}.Debug|iPhoneSimulator.Build.0 = Debug|Any CPU
		{14D4ACBD-413E-482F-BAA2-0C07B55B44EA}.Release|Any CPU.ActiveCfg = Release|Any CPU
		{14D4ACBD-413E-482F-BAA2-0C07B55B44EA}.Release|Any CPU.Build.0 = Release|Any CPU
		{14D4ACBD-413E-482F-BAA2-0C07B55B44EA}.Release|iPhone.ActiveCfg = Release|Any CPU
		{14D4ACBD-413E-482F-BAA2-0C07B55B44EA}.Release|iPhone.Build.0 = Release|Any CPU
		{14D4ACBD-413E-482F-BAA2-0C07B55B44EA}.Release|iPhoneSimulator.ActiveCfg = Release|Any CPU
		{14D4ACBD-413E-482F-BAA2-0C07B55B44EA}.Release|iPhoneSimulator.Build.0 = Release|Any CPU
		{5BEEA024-6E50-4323-A0AF-8573192EF39D}.Debug|Any CPU.ActiveCfg = Debug|Any CPU
		{5BEEA024-6E50-4323-A0AF-8573192EF39D}.Debug|Any CPU.Build.0 = Debug|Any CPU
		{5BEEA024-6E50-4323-A0AF-8573192EF39D}.Debug|iPhone.ActiveCfg = Debug|Any CPU
		{5BEEA024-6E50-4323-A0AF-8573192EF39D}.Debug|iPhone.Build.0 = Debug|Any CPU
		{5BEEA024-6E50-4323-A0AF-8573192EF39D}.Debug|iPhoneSimulator.ActiveCfg = Debug|Any CPU
		{5BEEA024-6E50-4323-A0AF-8573192EF39D}.Debug|iPhoneSimulator.Build.0 = Debug|Any CPU
		{5BEEA024-6E50-4323-A0AF-8573192EF39D}.Release|Any CPU.ActiveCfg = Release|Any CPU
		{5BEEA024-6E50-4323-A0AF-8573192EF39D}.Release|Any CPU.Build.0 = Release|Any CPU
		{5BEEA024-6E50-4323-A0AF-8573192EF39D}.Release|iPhone.ActiveCfg = Release|Any CPU
		{5BEEA024-6E50-4323-A0AF-8573192EF39D}.Release|iPhone.Build.0 = Release|Any CPU
		{5BEEA024-6E50-4323-A0AF-8573192EF39D}.Release|iPhoneSimulator.ActiveCfg = Release|Any CPU
		{5BEEA024-6E50-4323-A0AF-8573192EF39D}.Release|iPhoneSimulator.Build.0 = Release|Any CPU
		{B66D5B12-BEBA-4C05-8566-ECAFC12EE192}.Debug|Any CPU.ActiveCfg = Debug|Any CPU
		{B66D5B12-BEBA-4C05-8566-ECAFC12EE192}.Debug|Any CPU.Build.0 = Debug|Any CPU
		{B66D5B12-BEBA-4C05-8566-ECAFC12EE192}.Debug|iPhone.ActiveCfg = Debug|Any CPU
		{B66D5B12-BEBA-4C05-8566-ECAFC12EE192}.Debug|iPhone.Build.0 = Debug|Any CPU
		{B66D5B12-BEBA-4C05-8566-ECAFC12EE192}.Debug|iPhoneSimulator.ActiveCfg = Debug|Any CPU
		{B66D5B12-BEBA-4C05-8566-ECAFC12EE192}.Debug|iPhoneSimulator.Build.0 = Debug|Any CPU
		{B66D5B12-BEBA-4C05-8566-ECAFC12EE192}.Release|Any CPU.ActiveCfg = Release|Any CPU
		{B66D5B12-BEBA-4C05-8566-ECAFC12EE192}.Release|Any CPU.Build.0 = Release|Any CPU
		{B66D5B12-BEBA-4C05-8566-ECAFC12EE192}.Release|iPhone.ActiveCfg = Release|Any CPU
		{B66D5B12-BEBA-4C05-8566-ECAFC12EE192}.Release|iPhone.Build.0 = Release|Any CPU
		{B66D5B12-BEBA-4C05-8566-ECAFC12EE192}.Release|iPhoneSimulator.ActiveCfg = Release|Any CPU
		{B66D5B12-BEBA-4C05-8566-ECAFC12EE192}.Release|iPhoneSimulator.Build.0 = Release|Any CPU
	EndGlobalSection
	GlobalSection(SolutionProperties) = preSolution
		HideSolutionNode = FALSE
	EndGlobalSection
	GlobalSection(ExtensibilityGlobals) = postSolution
		SolutionGuid = {910E52DC-74E6-4BB0-81FF-8C3FA60B8C6D}
	EndGlobalSection
EndGlobal
