
Microsoft Visual Studio Solution File, Format Version 12.00
# Visual Studio Version 16
VisualStudioVersion = 16.0.29503.13
MinimumVisualStudioVersion = 10.0.40219.1
Project("{9A19103F-16F7-4668-BE54-9A1E7A4F7556}") = "TWH.Entities", "TWH.Entities\TWH.Entities.csproj", "{59BCF82E-3881-40D2-9A90-AC060783978A}"
EndProject
Project("{9A19103F-16F7-4668-BE54-9A1E7A4F7556}") = "TWH.Repository", "TWH.Repository\TWH.Repository.csproj", "{503ECFEC-E06F-4DAE-851D-AFF0EC8FFF99}"
EndProject
Project("{9A19103F-16F7-4668-BE54-9A1E7A4F7556}") = "TWH.Services", "TWH.Services\TWH.Services.csproj", "{14D4ACBD-413E-482F-BAA2-0C07B55B44EA}"
EndProject
Project("{FAE04EC0-301F-11D3-BF4B-00C04F79EFBC}") = "ConsoleApp1", "ConsoleApp1\ConsoleApp1.csproj", "{288D0A34-40FD-4BF0-9EDD-73331E926C53}"
EndProject
Project("{9A19103F-16F7-4668-BE54-9A1E7A4F7556}") = "TWH.React", "TWH.React\TWH.React.csproj", "{569628DD-D15E-477B-AFD0-3209B9CD3EC2}"
EndProject
Project("{9A19103F-16F7-4668-BE54-9A1E7A4F7556}") = "TWH.API", "TWH.API\TWH.API.csproj", "{5BEEA024-6E50-4323-A0AF-8573192EF39D}"
EndProject
Project("{9A19103F-16F7-4668-BE54-9A1E7A4F7556}") = "TWH.Angular", "TWH.Angular\TWH.Angular.csproj", "{63CCF8E0-A6C4-4D70-BF6E-9305B7F4ED07}"
EndProject
Project("{FAE04EC0-301F-11D3-BF4B-00C04F79EFBC}") = "TWH.APIs", "TWH.APIs\TWH.APIs.csproj", "{114882B4-691C-4DED-8E7C-514F62FC3B6F}"
EndProject
Project("{FAE04EC0-301F-11D3-BF4B-00C04F79EFBC}") = "WebApplication1", "WebApplication1\WebApplication1.csproj", "{CFF2855A-A7AF-41B9-9B02-2AAB6A6DFB08}"
EndProject
Global
	GlobalSection(SolutionConfigurationPlatforms) = preSolution
		Debug|Any CPU = Debug|Any CPU
		Release|Any CPU = Release|Any CPU
	EndGlobalSection
	GlobalSection(ProjectConfigurationPlatforms) = postSolution
		{59BCF82E-3881-40D2-9A90-AC060783978A}.Debug|Any CPU.ActiveCfg = Debug|Any CPU
		{59BCF82E-3881-40D2-9A90-AC060783978A}.Debug|Any CPU.Build.0 = Debug|Any CPU
		{59BCF82E-3881-40D2-9A90-AC060783978A}.Release|Any CPU.ActiveCfg = Release|Any CPU
		{59BCF82E-3881-40D2-9A90-AC060783978A}.Release|Any CPU.Build.0 = Release|Any CPU
		{503ECFEC-E06F-4DAE-851D-AFF0EC8FFF99}.Debug|Any CPU.ActiveCfg = Debug|Any CPU
		{503ECFEC-E06F-4DAE-851D-AFF0EC8FFF99}.Debug|Any CPU.Build.0 = Debug|Any CPU
		{503ECFEC-E06F-4DAE-851D-AFF0EC8FFF99}.Release|Any CPU.ActiveCfg = Release|Any CPU
		{503ECFEC-E06F-4DAE-851D-AFF0EC8FFF99}.Release|Any CPU.Build.0 = Release|Any CPU
		{14D4ACBD-413E-482F-BAA2-0C07B55B44EA}.Debug|Any CPU.ActiveCfg = Debug|Any CPU
		{14D4ACBD-413E-482F-BAA2-0C07B55B44EA}.Debug|Any CPU.Build.0 = Debug|Any CPU
		{14D4ACBD-413E-482F-BAA2-0C07B55B44EA}.Release|Any CPU.ActiveCfg = Release|Any CPU
		{14D4ACBD-413E-482F-BAA2-0C07B55B44EA}.Release|Any CPU.Build.0 = Release|Any CPU
		{288D0A34-40FD-4BF0-9EDD-73331E926C53}.Debug|Any CPU.ActiveCfg = Debug|Any CPU
		{288D0A34-40FD-4BF0-9EDD-73331E926C53}.Debug|Any CPU.Build.0 = Debug|Any CPU
		{288D0A34-40FD-4BF0-9EDD-73331E926C53}.Release|Any CPU.ActiveCfg = Release|Any CPU
		{288D0A34-40FD-4BF0-9EDD-73331E926C53}.Release|Any CPU.Build.0 = Release|Any CPU
		{569628DD-D15E-477B-AFD0-3209B9CD3EC2}.Debug|Any CPU.ActiveCfg = Debug|Any CPU
		{569628DD-D15E-477B-AFD0-3209B9CD3EC2}.Debug|Any CPU.Build.0 = Debug|Any CPU
		{569628DD-D15E-477B-AFD0-3209B9CD3EC2}.Release|Any CPU.ActiveCfg = Release|Any CPU
		{569628DD-D15E-477B-AFD0-3209B9CD3EC2}.Release|Any CPU.Build.0 = Release|Any CPU
		{5BEEA024-6E50-4323-A0AF-8573192EF39D}.Debug|Any CPU.ActiveCfg = Debug|Any CPU
		{5BEEA024-6E50-4323-A0AF-8573192EF39D}.Debug|Any CPU.Build.0 = Debug|Any CPU
		{5BEEA024-6E50-4323-A0AF-8573192EF39D}.Release|Any CPU.ActiveCfg = Release|Any CPU
		{5BEEA024-6E50-4323-A0AF-8573192EF39D}.Release|Any CPU.Build.0 = Release|Any CPU
		{63CCF8E0-A6C4-4D70-BF6E-9305B7F4ED07}.Debug|Any CPU.ActiveCfg = Debug|Any CPU
		{63CCF8E0-A6C4-4D70-BF6E-9305B7F4ED07}.Debug|Any CPU.Build.0 = Debug|Any CPU
		{63CCF8E0-A6C4-4D70-BF6E-9305B7F4ED07}.Release|Any CPU.ActiveCfg = Release|Any CPU
		{63CCF8E0-A6C4-4D70-BF6E-9305B7F4ED07}.Release|Any CPU.Build.0 = Release|Any CPU
		{114882B4-691C-4DED-8E7C-514F62FC3B6F}.Debug|Any CPU.ActiveCfg = Debug|Any CPU
		{114882B4-691C-4DED-8E7C-514F62FC3B6F}.Debug|Any CPU.Build.0 = Debug|Any CPU
		{114882B4-691C-4DED-8E7C-514F62FC3B6F}.Release|Any CPU.ActiveCfg = Release|Any CPU
		{114882B4-691C-4DED-8E7C-514F62FC3B6F}.Release|Any CPU.Build.0 = Release|Any CPU
		{CFF2855A-A7AF-41B9-9B02-2AAB6A6DFB08}.Debug|Any CPU.ActiveCfg = Debug|Any CPU
		{CFF2855A-A7AF-41B9-9B02-2AAB6A6DFB08}.Debug|Any CPU.Build.0 = Debug|Any CPU
		{CFF2855A-A7AF-41B9-9B02-2AAB6A6DFB08}.Release|Any CPU.ActiveCfg = Release|Any CPU
		{CFF2855A-A7AF-41B9-9B02-2AAB6A6DFB08}.Release|Any CPU.Build.0 = Release|Any CPU
	EndGlobalSection
	GlobalSection(SolutionProperties) = preSolution
		HideSolutionNode = FALSE
	EndGlobalSection
	GlobalSection(ExtensibilityGlobals) = postSolution
		SolutionGuid = {910E52DC-74E6-4BB0-81FF-8C3FA60B8C6D}
	EndGlobalSection
EndGlobal
