
Microsoft Visual Studio Solution File, Format Version 12.00
# Visual Studio Version 16
VisualStudioVersion = 16.0.29503.13
MinimumVisualStudioVersion = 10.0.40219.1
Project("{9A19103F-16F7-4668-BE54-9A1E7A4F7556}") = "TWH.Entities", "TWH.Entities\TWH.Entities.csproj", "{59BCF82E-3881-40D2-9A90-AC060783978A}"
EndProject
Project("{FAE04EC0-301F-11D3-BF4B-00C04F79EFBC}") = "TWH.Repository", "TWH.Repository\TWH.Repository.csproj", "{503ECFEC-E06F-4DAE-851D-AFF0EC8FFF99}"
EndProject
Global
	GlobalSection(SolutionConfigurationPlatforms) = preSolution
		Debug|Any CPU = Debug|Any CPU
		Release|Any CPU = Release|Any CPU
	EndGlobalSection
	GlobalSection(ProjectConfigurationPlatforms) = postSolution
		{59BCF82E-3881-40D2-9A90-AC060783978A}.Debug|Any CPU.ActiveCfg = Debug|Any CPU
		{59BCF82E-3881-40D2-9A90-AC060783978A}.Debug|Any CPU.Build.0 = Debug|Any CPU
		{59BCF82E-3881-40D2-9A90-AC060783978A}.Release|Any CPU.ActiveCfg = Release|Any CPU
		{59BCF82E-3881-40D2-9A90-AC060783978A}.Release|Any CPU.Build.0 = Release|Any CPU
		{503ECFEC-E06F-4DAE-851D-AFF0EC8FFF99}.Debug|Any CPU.ActiveCfg = Debug|Any CPU
		{503ECFEC-E06F-4DAE-851D-AFF0EC8FFF99}.Debug|Any CPU.Build.0 = Debug|Any CPU
		{503ECFEC-E06F-4DAE-851D-AFF0EC8FFF99}.Release|Any CPU.ActiveCfg = Release|Any CPU
		{503ECFEC-E06F-4DAE-851D-AFF0EC8FFF99}.Release|Any CPU.Build.0 = Release|Any CPU
	EndGlobalSection
	GlobalSection(SolutionProperties) = preSolution
		HideSolutionNode = FALSE
	EndGlobalSection
	GlobalSection(ExtensibilityGlobals) = postSolution
		SolutionGuid = {910E52DC-74E6-4BB0-81FF-8C3FA60B8C6D}
	EndGlobalSection
EndGlobal
